
Microsoft Visual Studio Solution File, Format Version 12.00
# Visual Studio Version 16
VisualStudioVersion = 16.0.31019.35
MinimumVisualStudioVersion = 10.0.40219.1
Project("{FAE04EC0-301F-11D3-BF4B-00C04F79EFBC}") = "Almutal.Android", "Almutal\Almutal.Android\Almutal.Android.csproj", "{33F3C5D4-282F-4D77-B90F-DE89E796F4A9}"
EndProject
Project("{FAE04EC0-301F-11D3-BF4B-00C04F79EFBC}") = "Almutal.iOS", "Almutal\Almutal.iOS\Almutal.iOS.csproj", "{F78448FD-4B5C-4DC7-9E1C-EC88D7F8A9C3}"
EndProject
Project("{9A19103F-16F7-4668-BE54-9A1E7A4F7556}") = "Almutal", "Almutal\Almutal\Almutal.csproj", "{C1AC195D-514D-4D23-A635-4F2F16ECC1E7}"
EndProject
Project("{9A19103F-16F7-4668-BE54-9A1E7A4F7556}") = "AlmutalCore", "AlmutalCore\AlmutalCore.csproj", "{FE35E953-A60D-4D64-B799-432C3137C051}"
EndProject
Project("{9A19103F-16F7-4668-BE54-9A1E7A4F7556}") = "DataBase", "DataBase\DataBase.csproj", "{506A061C-DC0A-495A-86A8-967CDE3A806D}"
EndProject
Global
	GlobalSection(SolutionConfigurationPlatforms) = preSolution
		Debug|Any CPU = Debug|Any CPU
		Debug|iPhone = Debug|iPhone
		Debug|iPhoneSimulator = Debug|iPhoneSimulator
		Release|Any CPU = Release|Any CPU
		Release|iPhone = Release|iPhone
		Release|iPhoneSimulator = Release|iPhoneSimulator
	EndGlobalSection
	GlobalSection(ProjectConfigurationPlatforms) = postSolution
		{33F3C5D4-282F-4D77-B90F-DE89E796F4A9}.Debug|Any CPU.ActiveCfg = Debug|Any CPU
		{33F3C5D4-282F-4D77-B90F-DE89E796F4A9}.Debug|Any CPU.Build.0 = Debug|Any CPU
		{33F3C5D4-282F-4D77-B90F-DE89E796F4A9}.Debug|Any CPU.Deploy.0 = Debug|Any CPU
		{33F3C5D4-282F-4D77-B90F-DE89E796F4A9}.Debug|iPhone.ActiveCfg = Debug|Any CPU
		{33F3C5D4-282F-4D77-B90F-DE89E796F4A9}.Debug|iPhone.Build.0 = Debug|Any CPU
		{33F3C5D4-282F-4D77-B90F-DE89E796F4A9}.Debug|iPhone.Deploy.0 = Debug|Any CPU
		{33F3C5D4-282F-4D77-B90F-DE89E796F4A9}.Debug|iPhoneSimulator.ActiveCfg = Debug|Any CPU
		{33F3C5D4-282F-4D77-B90F-DE89E796F4A9}.Debug|iPhoneSimulator.Build.0 = Debug|Any CPU
		{33F3C5D4-282F-4D77-B90F-DE89E796F4A9}.Debug|iPhoneSimulator.Deploy.0 = Debug|Any CPU
		{33F3C5D4-282F-4D77-B90F-DE89E796F4A9}.Release|Any CPU.ActiveCfg = Release|Any CPU
		{33F3C5D4-282F-4D77-B90F-DE89E796F4A9}.Release|Any CPU.Build.0 = Release|Any CPU
		{33F3C5D4-282F-4D77-B90F-DE89E796F4A9}.Release|Any CPU.Deploy.0 = Release|Any CPU
		{33F3C5D4-282F-4D77-B90F-DE89E796F4A9}.Release|iPhone.ActiveCfg = Release|Any CPU
		{33F3C5D4-282F-4D77-B90F-DE89E796F4A9}.Release|iPhone.Build.0 = Release|Any CPU
		{33F3C5D4-282F-4D77-B90F-DE89E796F4A9}.Release|iPhone.Deploy.0 = Release|Any CPU
		{33F3C5D4-282F-4D77-B90F-DE89E796F4A9}.Release|iPhoneSimulator.ActiveCfg = Release|Any CPU
		{33F3C5D4-282F-4D77-B90F-DE89E796F4A9}.Release|iPhoneSimulator.Build.0 = Release|Any CPU
		{33F3C5D4-282F-4D77-B90F-DE89E796F4A9}.Release|iPhoneSimulator.Deploy.0 = Release|Any CPU
		{F78448FD-4B5C-4DC7-9E1C-EC88D7F8A9C3}.Debug|Any CPU.ActiveCfg = Debug|iPhone
		{F78448FD-4B5C-4DC7-9E1C-EC88D7F8A9C3}.Debug|Any CPU.Build.0 = Debug|iPhone
		{F78448FD-4B5C-4DC7-9E1C-EC88D7F8A9C3}.Debug|Any CPU.Deploy.0 = Debug|iPhone
		{F78448FD-4B5C-4DC7-9E1C-EC88D7F8A9C3}.Debug|iPhone.ActiveCfg = Debug|iPhone
		{F78448FD-4B5C-4DC7-9E1C-EC88D7F8A9C3}.Debug|iPhone.Build.0 = Debug|iPhone
		{F78448FD-4B5C-4DC7-9E1C-EC88D7F8A9C3}.Debug|iPhone.Deploy.0 = Debug|iPhone
		{F78448FD-4B5C-4DC7-9E1C-EC88D7F8A9C3}.Debug|iPhoneSimulator.ActiveCfg = Debug|iPhoneSimulator
		{F78448FD-4B5C-4DC7-9E1C-EC88D7F8A9C3}.Debug|iPhoneSimulator.Build.0 = Debug|iPhoneSimulator
		{F78448FD-4B5C-4DC7-9E1C-EC88D7F8A9C3}.Debug|iPhoneSimulator.Deploy.0 = Debug|iPhoneSimulator
		{F78448FD-4B5C-4DC7-9E1C-EC88D7F8A9C3}.Release|Any CPU.ActiveCfg = Release|iPhoneSimulator
		{F78448FD-4B5C-4DC7-9E1C-EC88D7F8A9C3}.Release|Any CPU.Build.0 = Release|iPhoneSimulator
		{F78448FD-4B5C-4DC7-9E1C-EC88D7F8A9C3}.Release|Any CPU.Deploy.0 = Release|iPhoneSimulator
		{F78448FD-4B5C-4DC7-9E1C-EC88D7F8A9C3}.Release|iPhone.ActiveCfg = Release|iPhone
		{F78448FD-4B5C-4DC7-9E1C-EC88D7F8A9C3}.Release|iPhone.Build.0 = Release|iPhone
		{F78448FD-4B5C-4DC7-9E1C-EC88D7F8A9C3}.Release|iPhone.Deploy.0 = Release|iPhone
		{F78448FD-4B5C-4DC7-9E1C-EC88D7F8A9C3}.Release|iPhoneSimulator.ActiveCfg = Release|iPhoneSimulator
		{F78448FD-4B5C-4DC7-9E1C-EC88D7F8A9C3}.Release|iPhoneSimulator.Build.0 = Release|iPhoneSimulator
		{F78448FD-4B5C-4DC7-9E1C-EC88D7F8A9C3}.Release|iPhoneSimulator.Deploy.0 = Release|iPhoneSimulator
		{C1AC195D-514D-4D23-A635-4F2F16ECC1E7}.Debug|Any CPU.ActiveCfg = Debug|Any CPU
		{C1AC195D-514D-4D23-A635-4F2F16ECC1E7}.Debug|Any CPU.Build.0 = Debug|Any CPU
		{C1AC195D-514D-4D23-A635-4F2F16ECC1E7}.Debug|Any CPU.Deploy.0 = Debug|Any CPU
		{C1AC195D-514D-4D23-A635-4F2F16ECC1E7}.Debug|iPhone.ActiveCfg = Debug|Any CPU
		{C1AC195D-514D-4D23-A635-4F2F16ECC1E7}.Debug|iPhone.Build.0 = Debug|Any CPU
		{C1AC195D-514D-4D23-A635-4F2F16ECC1E7}.Debug|iPhone.Deploy.0 = Debug|Any CPU
		{C1AC195D-514D-4D23-A635-4F2F16ECC1E7}.Debug|iPhoneSimulator.ActiveCfg = Debug|Any CPU
		{C1AC195D-514D-4D23-A635-4F2F16ECC1E7}.Debug|iPhoneSimulator.Build.0 = Debug|Any CPU
		{C1AC195D-514D-4D23-A635-4F2F16ECC1E7}.Debug|iPhoneSimulator.Deploy.0 = Debug|Any CPU
		{C1AC195D-514D-4D23-A635-4F2F16ECC1E7}.Release|Any CPU.ActiveCfg = Release|Any CPU
		{C1AC195D-514D-4D23-A635-4F2F16ECC1E7}.Release|Any CPU.Build.0 = Release|Any CPU
		{C1AC195D-514D-4D23-A635-4F2F16ECC1E7}.Release|Any CPU.Deploy.0 = Release|Any CPU
		{C1AC195D-514D-4D23-A635-4F2F16ECC1E7}.Release|iPhone.ActiveCfg = Release|Any CPU
		{C1AC195D-514D-4D23-A635-4F2F16ECC1E7}.Release|iPhone.Build.0 = Release|Any CPU
		{C1AC195D-514D-4D23-A635-4F2F16ECC1E7}.Release|iPhone.Deploy.0 = Release|Any CPU
		{C1AC195D-514D-4D23-A635-4F2F16ECC1E7}.Release|iPhoneSimulator.ActiveCfg = Release|Any CPU
		{C1AC195D-514D-4D23-A635-4F2F16ECC1E7}.Release|iPhoneSimulator.Build.0 = Release|Any CPU
		{C1AC195D-514D-4D23-A635-4F2F16ECC1E7}.Release|iPhoneSimulator.Deploy.0 = Release|Any CPU
		{FE35E953-A60D-4D64-B799-432C3137C051}.Debug|Any CPU.ActiveCfg = Debug|Any CPU
		{FE35E953-A60D-4D64-B799-432C3137C051}.Debug|Any CPU.Build.0 = Debug|Any CPU
		{FE35E953-A60D-4D64-B799-432C3137C051}.Debug|iPhone.ActiveCfg = Debug|Any CPU
		{FE35E953-A60D-4D64-B799-432C3137C051}.Debug|iPhone.Build.0 = Debug|Any CPU
		{FE35E953-A60D-4D64-B799-432C3137C051}.Debug|iPhoneSimulator.ActiveCfg = Debug|Any CPU
		{FE35E953-A60D-4D64-B799-432C3137C051}.Debug|iPhoneSimulator.Build.0 = Debug|Any CPU
		{FE35E953-A60D-4D64-B799-432C3137C051}.Release|Any CPU.ActiveCfg = Release|Any CPU
		{FE35E953-A60D-4D64-B799-432C3137C051}.Release|Any CPU.Build.0 = Release|Any CPU
		{FE35E953-A60D-4D64-B799-432C3137C051}.Release|iPhone.ActiveCfg = Release|Any CPU
		{FE35E953-A60D-4D64-B799-432C3137C051}.Release|iPhone.Build.0 = Release|Any CPU
		{FE35E953-A60D-4D64-B799-432C3137C051}.Release|iPhoneSimulator.ActiveCfg = Release|Any CPU
		{FE35E953-A60D-4D64-B799-432C3137C051}.Release|iPhoneSimulator.Build.0 = Release|Any CPU
		{506A061C-DC0A-495A-86A8-967CDE3A806D}.Debug|Any CPU.ActiveCfg = Debug|Any CPU
		{506A061C-DC0A-495A-86A8-967CDE3A806D}.Debug|Any CPU.Build.0 = Debug|Any CPU
		{506A061C-DC0A-495A-86A8-967CDE3A806D}.Debug|iPhone.ActiveCfg = Debug|Any CPU
		{506A061C-DC0A-495A-86A8-967CDE3A806D}.Debug|iPhone.Build.0 = Debug|Any CPU
		{506A061C-DC0A-495A-86A8-967CDE3A806D}.Debug|iPhoneSimulator.ActiveCfg = Debug|Any CPU
		{506A061C-DC0A-495A-86A8-967CDE3A806D}.Debug|iPhoneSimulator.Build.0 = Debug|Any CPU
		{506A061C-DC0A-495A-86A8-967CDE3A806D}.Release|Any CPU.ActiveCfg = Release|Any CPU
		{506A061C-DC0A-495A-86A8-967CDE3A806D}.Release|Any CPU.Build.0 = Release|Any CPU
		{506A061C-DC0A-495A-86A8-967CDE3A806D}.Release|iPhone.ActiveCfg = Release|Any CPU
		{506A061C-DC0A-495A-86A8-967CDE3A806D}.Release|iPhone.Build.0 = Release|Any CPU
		{506A061C-DC0A-495A-86A8-967CDE3A806D}.Release|iPhoneSimulator.ActiveCfg = Release|Any CPU
		{506A061C-DC0A-495A-86A8-967CDE3A806D}.Release|iPhoneSimulator.Build.0 = Release|Any CPU
	EndGlobalSection
	GlobalSection(SolutionProperties) = preSolution
		HideSolutionNode = FALSE
	EndGlobalSection
	GlobalSection(ExtensibilityGlobals) = postSolution
		SolutionGuid = {4D5D8A68-6559-4C79-B240-E4BA5F0ACDEB}
	EndGlobalSection
EndGlobal
